// !$*UTF8*$!
{
	archiveVersion = 1;
	classes = {
	};
	objectVersion = 50;
	objects = {

/* Begin PBXBuildFile section */
		5239111220F3572100201F4C /* LHFlowMoneyViewController.m in Sources */ = {isa = PBXBuildFile; fileRef = 5239111120F3572100201F4C /* LHFlowMoneyViewController.m */; };
		52807F5F2313ED8F00E681B6 /* LHTaxCalViewController.m in Sources */ = {isa = PBXBuildFile; fileRef = 52807F5E2313ED8F00E681B6 /* LHTaxCalViewController.m */; };
		529388D020B581C40094D6A1 /* AppDelegate.m in Sources */ = {isa = PBXBuildFile; fileRef = 529388CF20B581C40094D6A1 /* AppDelegate.m */; };
		529388D620B581C40094D6A1 /* Main.storyboard in Resources */ = {isa = PBXBuildFile; fileRef = 529388D420B581C40094D6A1 /* Main.storyboard */; };
		529388D820B581C50094D6A1 /* Assets.xcassets in Resources */ = {isa = PBXBuildFile; fileRef = 529388D720B581C50094D6A1 /* Assets.xcassets */; };
		529388DB20B581C50094D6A1 /* LaunchScreen.storyboard in Resources */ = {isa = PBXBuildFile; fileRef = 529388D920B581C50094D6A1 /* LaunchScreen.storyboard */; };
		529388DE20B581C50094D6A1 /* main.m in Sources */ = {isa = PBXBuildFile; fileRef = 529388DD20B581C50094D6A1 /* main.m */; };
		529388E620B582750094D6A1 /* LHMainTableViewController.m in Sources */ = {isa = PBXBuildFile; fileRef = 529388E520B582750094D6A1 /* LHMainTableViewController.m */; };
		529388E920B582D30094D6A1 /* LHMainTableViewCell.m in Sources */ = {isa = PBXBuildFile; fileRef = 529388E820B582D30094D6A1 /* LHMainTableViewCell.m */; };
		529388EC20B584C80094D6A1 /* LHDetailViewController.m in Sources */ = {isa = PBXBuildFile; fileRef = 529388EB20B584C80094D6A1 /* LHDetailViewController.m */; };
		529388EF20B585780094D6A1 /* LHAccount.m in Sources */ = {isa = PBXBuildFile; fileRef = 529388EE20B585780094D6A1 /* LHAccount.m */; };
		52C9948C212F92D100132753 /* LHCreditTableViewController.m in Sources */ = {isa = PBXBuildFile; fileRef = 52C9948B212F92D100132753 /* LHCreditTableViewController.m */; };
/* End PBXBuildFile section */

/* Begin PBXFileReference section */
		5239111020F3572100201F4C /* LHFlowMoneyViewController.h */ = {isa = PBXFileReference; lastKnownFileType = sourcecode.c.h; path = LHFlowMoneyViewController.h; sourceTree = "<group>"; };
		5239111120F3572100201F4C /* LHFlowMoneyViewController.m */ = {isa = PBXFileReference; lastKnownFileType = sourcecode.c.objc; path = LHFlowMoneyViewController.m; sourceTree = "<group>"; };
		52807F5D2313ED8F00E681B6 /* LHTaxCalViewController.h */ = {isa = PBXFileReference; lastKnownFileType = sourcecode.c.h; path = LHTaxCalViewController.h; sourceTree = "<group>"; };
		52807F5E2313ED8F00E681B6 /* LHTaxCalViewController.m */ = {isa = PBXFileReference; lastKnownFileType = sourcecode.c.objc; path = LHTaxCalViewController.m; sourceTree = "<group>"; };
		529388CB20B581C40094D6A1 /* ByHouseMoney.app */ = {isa = PBXFileReference; explicitFileType = wrapper.application; includeInIndex = 0; path = ByHouseMoney.app; sourceTree = BUILT_PRODUCTS_DIR; };
		529388CE20B581C40094D6A1 /* AppDelegate.h */ = {isa = PBXFileReference; lastKnownFileType = sourcecode.c.h; path = AppDelegate.h; sourceTree = "<group>"; };
		529388CF20B581C40094D6A1 /* AppDelegate.m */ = {isa = PBXFileReference; lastKnownFileType = sourcecode.c.objc; path = AppDelegate.m; sourceTree = "<group>"; };
		529388D520B581C40094D6A1 /* Base */ = {isa = PBXFileReference; lastKnownFileType = file.storyboard; name = Base; path = Base.lproj/Main.storyboard; sourceTree = "<group>"; };
		529388D720B581C50094D6A1 /* Assets.xcassets */ = {isa = PBXFileReference; lastKnownFileType = folder.assetcatalog; path = Assets.xcassets; sourceTree = "<group>"; };
		529388DA20B581C50094D6A1 /* Base */ = {isa = PBXFileReference; lastKnownFileType = file.storyboard; name = Base; path = Base.lproj/LaunchScreen.storyboard; sourceTree = "<group>"; };
		529388DC20B581C50094D6A1 /* Info.plist */ = {isa = PBXFileReference; lastKnownFileType = text.plist.xml; path = Info.plist; sourceTree = "<group>"; };
		529388DD20B581C50094D6A1 /* main.m */ = {isa = PBXFileReference; lastKnownFileType = sourcecode.c.objc; path = main.m; sourceTree = "<group>"; };
		529388E420B582750094D6A1 /* LHMainTableViewController.h */ = {isa = PBXFileReference; lastKnownFileType = sourcecode.c.h; path = LHMainTableViewController.h; sourceTree = "<group>"; };
		529388E520B582750094D6A1 /* LHMainTableViewController.m */ = {isa = PBXFileReference; lastKnownFileType = sourcecode.c.objc; path = LHMainTableViewController.m; sourceTree = "<group>"; };
		529388E720B582D30094D6A1 /* LHMainTableViewCell.h */ = {isa = PBXFileReference; lastKnownFileType = sourcecode.c.h; path = LHMainTableViewCell.h; sourceTree = "<group>"; };
		529388E820B582D30094D6A1 /* LHMainTableViewCell.m */ = {isa = PBXFileReference; lastKnownFileType = sourcecode.c.objc; path = LHMainTableViewCell.m; sourceTree = "<group>"; };
		529388EA20B584C80094D6A1 /* LHDetailViewController.h */ = {isa = PBXFileReference; lastKnownFileType = sourcecode.c.h; path = LHDetailViewController.h; sourceTree = "<group>"; };
		529388EB20B584C80094D6A1 /* LHDetailViewController.m */ = {isa = PBXFileReference; lastKnownFileType = sourcecode.c.objc; path = LHDetailViewController.m; sourceTree = "<group>"; };
		529388ED20B585780094D6A1 /* LHAccount.h */ = {isa = PBXFileReference; lastKnownFileType = sourcecode.c.h; path = LHAccount.h; sourceTree = "<group>"; };
		529388EE20B585780094D6A1 /* LHAccount.m */ = {isa = PBXFileReference; lastKnownFileType = sourcecode.c.objc; path = LHAccount.m; sourceTree = "<group>"; };
		52C9948A212F92D100132753 /* LHCreditTableViewController.h */ = {isa = PBXFileReference; lastKnownFileType = sourcecode.c.h; path = LHCreditTableViewController.h; sourceTree = "<group>"; };
		52C9948B212F92D100132753 /* LHCreditTableViewController.m */ = {isa = PBXFileReference; lastKnownFileType = sourcecode.c.objc; path = LHCreditTableViewController.m; sourceTree = "<group>"; };
/* End PBXFileReference section */

/* Begin PBXFrameworksBuildPhase section */
		529388C820B581C40094D6A1 /* Frameworks */ = {
			isa = PBXFrameworksBuildPhase;
			buildActionMask = 2147483647;
			files = (
			);
			runOnlyForDeploymentPostprocessing = 0;
		};
/* End PBXFrameworksBuildPhase section */

/* Begin PBXGroup section */
		529388C220B581C40094D6A1 = {
			isa = PBXGroup;
			children = (
				529388CD20B581C40094D6A1 /* ByHouseMoney */,
				529388CC20B581C40094D6A1 /* Products */,
			);
			sourceTree = "<group>";
		};
		529388CC20B581C40094D6A1 /* Products */ = {
			isa = PBXGroup;
			children = (
				529388CB20B581C40094D6A1 /* ByHouseMoney.app */,
			);
			name = Products;
			sourceTree = "<group>";
		};
		529388CD20B581C40094D6A1 /* ByHouseMoney */ = {
			isa = PBXGroup;
			children = (
				529388CE20B581C40094D6A1 /* AppDelegate.h */,
				529388CF20B581C40094D6A1 /* AppDelegate.m */,
				529388E720B582D30094D6A1 /* LHMainTableViewCell.h */,
				529388E820B582D30094D6A1 /* LHMainTableViewCell.m */,
				529388E420B582750094D6A1 /* LHMainTableViewController.h */,
				529388E520B582750094D6A1 /* LHMainTableViewController.m */,
				52C9948A212F92D100132753 /* LHCreditTableViewController.h */,
				52C9948B212F92D100132753 /* LHCreditTableViewController.m */,
				5239111020F3572100201F4C /* LHFlowMoneyViewController.h */,
				5239111120F3572100201F4C /* LHFlowMoneyViewController.m */,
				52807F5D2313ED8F00E681B6 /* LHTaxCalViewController.h */,
				52807F5E2313ED8F00E681B6 /* LHTaxCalViewController.m */,
				529388ED20B585780094D6A1 /* LHAccount.h */,
				529388EE20B585780094D6A1 /* LHAccount.m */,
				529388EA20B584C80094D6A1 /* LHDetailViewController.h */,
				529388EB20B584C80094D6A1 /* LHDetailViewController.m */,
				529388D420B581C40094D6A1 /* Main.storyboard */,
				529388D720B581C50094D6A1 /* Assets.xcassets */,
				529388D920B581C50094D6A1 /* LaunchScreen.storyboard */,
				529388DC20B581C50094D6A1 /* Info.plist */,
				529388DD20B581C50094D6A1 /* main.m */,
			);
			path = ByHouseMoney;
			sourceTree = "<group>";
		};
/* End PBXGroup section */

/* Begin PBXNativeTarget section */
		529388CA20B581C40094D6A1 /* ByHouseMoney */ = {
			isa = PBXNativeTarget;
			buildConfigurationList = 529388E120B581C50094D6A1 /* Build configuration list for PBXNativeTarget "ByHouseMoney" */;
			buildPhases = (
				529388C720B581C40094D6A1 /* Sources */,
				529388C820B581C40094D6A1 /* Frameworks */,
				529388C920B581C40094D6A1 /* Resources */,
			);
			buildRules = (
			);
			dependencies = (
			);
			name = ByHouseMoney;
			productName = ByHouseMoney;
			productReference = 529388CB20B581C40094D6A1 /* ByHouseMoney.app */;
			productType = "com.apple.product-type.application";
		};
/* End PBXNativeTarget section */

/* Begin PBXProject section */
		529388C320B581C40094D6A1 /* Project object */ = {
			isa = PBXProject;
			attributes = {
				LastUpgradeCheck = 0930;
				ORGANIZATIONNAME = "李辉";
				TargetAttributes = {
					529388CA20B581C40094D6A1 = {
						CreatedOnToolsVersion = 9.3;
					};
				};
			};
			buildConfigurationList = 529388C620B581C40094D6A1 /* Build configuration list for PBXProject "ByHouseMoney" */;
			compatibilityVersion = "Xcode 9.3";
			developmentRegion = en;
			hasScannedForEncodings = 0;
			knownRegions = (
				en,
				Base,
			);
			mainGroup = 529388C220B581C40094D6A1;
			productRefGroup = 529388CC20B581C40094D6A1 /* Products */;
			projectDirPath = "";
			projectRoot = "";
			targets = (
				529388CA20B581C40094D6A1 /* ByHouseMoney */,
			);
		};
/* End PBXProject section */

/* Begin PBXResourcesBuildPhase section */
		529388C920B581C40094D6A1 /* Resources */ = {
			isa = PBXResourcesBuildPhase;
			buildActionMask = 2147483647;
			files = (
				529388DB20B581C50094D6A1 /* LaunchScreen.storyboard in Resources */,
				529388D820B581C50094D6A1 /* Assets.xcassets in Resources */,
				529388D620B581C40094D6A1 /* Main.storyboard in Resources */,
			);
			runOnlyForDeploymentPostprocessing = 0;
		};
/* End PBXResourcesBuildPhase section */

/* Begin PBXSourcesBuildPhase section */
		529388C720B581C40094D6A1 /* Sources */ = {
			isa = PBXSourcesBuildPhase;
			buildActionMask = 2147483647;
			files = (
				529388E920B582D30094D6A1 /* LHMainTableViewCell.m in Sources */,
				529388EF20B585780094D6A1 /* LHAccount.m in Sources */,
				52807F5F2313ED8F00E681B6 /* LHTaxCalViewController.m in Sources */,
				529388DE20B581C50094D6A1 /* main.m in Sources */,
				529388E620B582750094D6A1 /* LHMainTableViewController.m in Sources */,
				5239111220F3572100201F4C /* LHFlowMoneyViewController.m in Sources */,
				529388EC20B584C80094D6A1 /* LHDetailViewController.m in Sources */,
				52C9948C212F92D100132753 /* LHCreditTableViewController.m in Sources */,
				529388D020B581C40094D6A1 /* AppDelegate.m in Sources */,
			);
			runOnlyForDeploymentPostprocessing = 0;
		};
/* End PBXSourcesBuildPhase section */

/* Begin PBXVariantGroup section */
		529388D420B581C40094D6A1 /* Main.storyboard */ = {
			isa = PBXVariantGroup;
			children = (
				529388D520B581C40094D6A1 /* Base */,
			);
			name = Main.storyboard;
			sourceTree = "<group>";
		};
		529388D920B581C50094D6A1 /* LaunchScreen.storyboard */ = {
			isa = PBXVariantGroup;
			children = (
				529388DA20B581C50094D6A1 /* Base */,
			);
			name = LaunchScreen.storyboard;
			sourceTree = "<group>";
		};
/* End PBXVariantGroup section */

/* Begin XCBuildConfiguration section */
		529388DF20B581C50094D6A1 /* Debug */ = {
			isa = XCBuildConfiguration;
			buildSettings = {
				ALWAYS_SEARCH_USER_PATHS = NO;
				CLANG_ANALYZER_NONNULL = YES;
				CLANG_ANALYZER_NUMBER_OBJECT_CONVERSION = YES_AGGRESSIVE;
				CLANG_CXX_LANGUAGE_STANDARD = "gnu++14";
				CLANG_CXX_LIBRARY = "libc++";
				CLANG_ENABLE_MODULES = YES;
				CLANG_ENABLE_OBJC_ARC = YES;
				CLANG_ENABLE_OBJC_WEAK = YES;
				CLANG_WARN_BLOCK_CAPTURE_AUTORELEASING = YES;
				CLANG_WARN_BOOL_CONVERSION = YES;
				CLANG_WARN_COMMA = YES;
				CLANG_WARN_CONSTANT_CONVERSION = YES;
				CLANG_WARN_DEPRECATED_OBJC_IMPLEMENTATIONS = YES;
				CLANG_WARN_DIRECT_OBJC_ISA_USAGE = YES_ERROR;
				CLANG_WARN_DOCUMENTATION_COMMENTS = YES;
				CLANG_WARN_EMPTY_BODY = YES;
				CLANG_WARN_ENUM_CONVERSION = YES;
				CLANG_WARN_INFINITE_RECURSION = YES;
				CLANG_WARN_INT_CONVERSION = YES;
				CLANG_WARN_NON_LITERAL_NULL_CONVERSION = YES;
				CLANG_WARN_OBJC_IMPLICIT_RETAIN_SELF = YES;
				CLANG_WARN_OBJC_LITERAL_CONVERSION = YES;
				CLANG_WARN_OBJC_ROOT_CLASS = YES_ERROR;
				CLANG_WARN_RANGE_LOOP_ANALYSIS = YES;
				CLANG_WARN_STRICT_PROTOTYPES = YES;
				CLANG_WARN_SUSPICIOUS_MOVE = YES;
				CLANG_WARN_UNGUARDED_AVAILABILITY = YES_AGGRESSIVE;
				CLANG_WARN_UNREACHABLE_CODE = YES;
				CLANG_WARN__DUPLICATE_METHOD_MATCH = YES;
				CODE_SIGN_IDENTITY = "iPhone Developer";
				COPY_PHASE_STRIP = NO;
				DEBUG_INFORMATION_FORMAT = dwarf;
				ENABLE_STRICT_OBJC_MSGSEND = YES;
				ENABLE_TESTABILITY = YES;
				GCC_C_LANGUAGE_STANDARD = gnu11;
				GCC_DYNAMIC_NO_PIC = NO;
				GCC_NO_COMMON_BLOCKS = YES;
				GCC_OPTIMIZATION_LEVEL = 0;
				GCC_PREPROCESSOR_DEFINITIONS = (
					"DEBUG=1",
					"$(inherited)",
				);
				GCC_WARN_64_TO_32_BIT_CONVERSION = YES;
				GCC_WARN_ABOUT_RETURN_TYPE = YES_ERROR;
				GCC_WARN_UNDECLARED_SELECTOR = YES;
				GCC_WARN_UNINITIALIZED_AUTOS = YES_AGGRESSIVE;
				GCC_WARN_UNUSED_FUNCTION = YES;
				GCC_WARN_UNUSED_VARIABLE = YES;
				IPHONEOS_DEPLOYMENT_TARGET = 11.3;
				MTL_ENABLE_DEBUG_INFO = YES;
				ONLY_ACTIVE_ARCH = YES;
				SDKROOT = iphoneos;
			};
			name = Debug;
		};
		529388E020B581C50094D6A1 /* Release */ = {
			isa = XCBuildConfiguration;
			buildSettings = {
				ALWAYS_SEARCH_USER_PATHS = NO;
				CLANG_ANALYZER_NONNULL = YES;
				CLANG_ANALYZER_NUMBER_OBJECT_CONVERSION = YES_AGGRESSIVE;
				CLANG_CXX_LANGUAGE_STANDARD = "gnu++14";
				CLANG_CXX_LIBRARY = "libc++";
				CLANG_ENABLE_MODULES = YES;
				CLANG_ENABLE_OBJC_ARC = YES;
				CLANG_ENABLE_OBJC_WEAK = YES;
				CLANG_WARN_BLOCK_CAPTURE_AUTORELEASING = YES;
				CLANG_WARN_BOOL_CONVERSION = YES;
				CLANG_WARN_COMMA = YES;
				CLANG_WARN_CONSTANT_CONVERSION = YES;
				CLANG_WARN_DEPRECATED_OBJC_IMPLEMENTATIONS = YES;
				CLANG_WARN_DIRECT_OBJC_ISA_USAGE = YES_ERROR;
				CLANG_WARN_DOCUMENTATION_COMMENTS = YES;
				CLANG_WARN_EMPTY_BODY = YES;
				CLANG_WARN_ENUM_CONVERSION = YES;
				CLANG_WARN_INFINITE_RECURSION = YES;
				CLANG_WARN_INT_CONVERSION = YES;
				CLANG_WARN_NON_LITERAL_NULL_CONVERSION = YES;
				CLANG_WARN_OBJC_IMPLICIT_RETAIN_SELF = YES;
				CLANG_WARN_OBJC_LITERAL_CONVERSION = YES;
				CLANG_WARN_OBJC_ROOT_CLASS = YES_ERROR;
				CLANG_WARN_RANGE_LOOP_ANALYSIS = YES;
				CLANG_WARN_STRICT_PROTOTYPES = YES;
				CLANG_WARN_SUSPICIOUS_MOVE = YES;
				CLANG_WARN_UNGUARDED_AVAILABILITY = YES_AGGRESSIVE;
				CLANG_WARN_UNREACHABLE_CODE = YES;
				CLANG_WARN__DUPLICATE_METHOD_MATCH = YES;
				CODE_SIGN_IDENTITY = "iPhone Developer";
				COPY_PHASE_STRIP = NO;
				DEBUG_INFORMATION_FORMAT = "dwarf-with-dsym";
				ENABLE_NS_ASSERTIONS = NO;
				ENABLE_STRICT_OBJC_MSGSEND = YES;
				GCC_C_LANGUAGE_STANDARD = gnu11;
				GCC_NO_COMMON_BLOCKS = YES;
				GCC_WARN_64_TO_32_BIT_CONVERSION = YES;
				GCC_WARN_ABOUT_RETURN_TYPE = YES_ERROR;
				GCC_WARN_UNDECLARED_SELECTOR = YES;
				GCC_WARN_UNINITIALIZED_AUTOS = YES_AGGRESSIVE;
				GCC_WARN_UNUSED_FUNCTION = YES;
				GCC_WARN_UNUSED_VARIABLE = YES;
				IPHONEOS_DEPLOYMENT_TARGET = 11.3;
				MTL_ENABLE_DEBUG_INFO = NO;
				SDKROOT = iphoneos;
				VALIDATE_PRODUCT = YES;
			};
			name = Release;
		};
		529388E220B581C50094D6A1 /* Debug */ = {
			isa = XCBuildConfiguration;
			buildSettings = {
				ASSETCATALOG_COMPILER_APPICON_NAME = AppIcon;
				CODE_SIGN_STYLE = Automatic;
				DEVELOPMENT_TEAM = 6Z988AT8PK;
				INFOPLIST_FILE = ByHouseMoney/Info.plist;
				LD_RUNPATH_SEARCH_PATHS = (
					"$(inherited)",
					"@executable_path/Frameworks",
				);
				PRODUCT_BUNDLE_IDENTIFIER = lihux.ByHouseMoney;
				PRODUCT_NAME = "$(TARGET_NAME)";
				TARGETED_DEVICE_FAMILY = "1,2";
			};
			name = Debug;
		};
		529388E320B581C50094D6A1 /* Release */ = {
			isa = XCBuildConfiguration;
			buildSettings = {
				ASSETCATALOG_COMPILER_APPICON_NAME = AppIcon;
				CODE_SIGN_STYLE = Automatic;
				DEVELOPMENT_TEAM = 6Z988AT8PK;
				INFOPLIST_FILE = ByHouseMoney/Info.plist;
				LD_RUNPATH_SEARCH_PATHS = (
					"$(inherited)",
					"@executable_path/Frameworks",
				);
				PRODUCT_BUNDLE_IDENTIFIER = lihux.ByHouseMoney;
				PRODUCT_NAME = "$(TARGET_NAME)";
				TARGETED_DEVICE_FAMILY = "1,2";
			};
			name = Release;
		};
/* End XCBuildConfiguration section */

/* Begin XCConfigurationList section */
		529388C620B581C40094D6A1 /* Build configuration list for PBXProject "ByHouseMoney" */ = {
			isa = XCConfigurationList;
			buildConfigurations = (
				529388DF20B581C50094D6A1 /* Debug */,
				529388E020B581C50094D6A1 /* Release */,
			);
			defaultConfigurationIsVisible = 0;
			defaultConfigurationName = Release;
		};
		529388E120B581C50094D6A1 /* Build configuration list for PBXNativeTarget "ByHouseMoney" */ = {
			isa = XCConfigurationList;
			buildConfigurations = (
				529388E220B581C50094D6A1 /* Debug */,
				529388E320B581C50094D6A1 /* Release */,
			);
			defaultConfigurationIsVisible = 0;
			defaultConfigurationName = Release;
		};
/* End XCConfigurationList section */
	};
	rootObject = 529388C320B581C40094D6A1 /* Project object */;
}
